
Microsoft Visual Studio Solution File, Format Version 12.00
# Visual Studio 15
VisualStudioVersion = 15.0.28307.1972
MinimumVisualStudioVersion = 10.0.40219.1
Project("{FAE04EC0-301F-11D3-BF4B-00C04F79EFBC}") = "RobertaStone", "RobertaStone\RobertaStone.csproj", "{01F0E0D6-3641-4F8F-9A40-0121DD15BF06}"
EndProject
Global
	GlobalSection(SolutionConfigurationPlatforms) = preSolution
		Debug|Any CPU = Debug|Any CPU
		Release|Any CPU = Release|Any CPU
	EndGlobalSection
	GlobalSection(ProjectConfigurationPlatforms) = postSolution
		{01F0E0D6-3641-4F8F-9A40-0121DD15BF06}.Debug|Any CPU.ActiveCfg = Debug|Any CPU
		{01F0E0D6-3641-4F8F-9A40-0121DD15BF06}.Debug|Any CPU.Build.0 = Debug|Any CPU
		{01F0E0D6-3641-4F8F-9A40-0121DD15BF06}.Release|Any CPU.ActiveCfg = Release|Any CPU
		{01F0E0D6-3641-4F8F-9A40-0121DD15BF06}.Release|Any CPU.Build.0 = Release|Any CPU
	EndGlobalSection
	GlobalSection(SolutionProperties) = preSolution
		HideSolutionNode = FALSE
	EndGlobalSection
	GlobalSection(ExtensibilityGlobals) = postSolution
		SolutionGuid = {EE1073B6-8318-4707-9787-0619EA89E526}
	EndGlobalSection
EndGlobal
